
Microsoft Visual Studio Solution File, Format Version 12.00
# Visual Studio Version 16
VisualStudioVersion = 16.0.33214.272
MinimumVisualStudioVersion = 10.0.40219.1
Project("{FAE04EC0-301F-11D3-BF4B-00C04F79EFBC}") = "EmployeeBindngSource", "EmployeeBindngSource\EmployeeBindngSource.csproj", "{6D354C81-71EA-40BB-92F6-48C6B16E97C9}"
EndProject
Global
	GlobalSection(SolutionConfigurationPlatforms) = preSolution
		Debug|Any CPU = Debug|Any CPU
		Release|Any CPU = Release|Any CPU
	EndGlobalSection
	GlobalSection(ProjectConfigurationPlatforms) = postSolution
		{6D354C81-71EA-40BB-92F6-48C6B16E97C9}.Debug|Any CPU.ActiveCfg = Debug|Any CPU
		{6D354C81-71EA-40BB-92F6-48C6B16E97C9}.Debug|Any CPU.Build.0 = Debug|Any CPU
		{6D354C81-71EA-40BB-92F6-48C6B16E97C9}.Release|Any CPU.ActiveCfg = Release|Any CPU
		{6D354C81-71EA-40BB-92F6-48C6B16E97C9}.Release|Any CPU.Build.0 = Release|Any CPU
	EndGlobalSection
	GlobalSection(SolutionProperties) = preSolution
		HideSolutionNode = FALSE
	EndGlobalSection
	GlobalSection(ExtensibilityGlobals) = postSolution
		SolutionGuid = {8EEC2D13-68A7-43F1-9120-302F112C175F}
	EndGlobalSection
EndGlobal
